// !$*UTF8*$!
{
	archiveVersion = 1;
	classes = {
	};
	objectVersion = 50;
	objects = {

/* Begin PBXBuildFile section */
		451A09B325C5375100A019B9 /* AppDelegate.swift in Sources */ = {isa = PBXBuildFile; fileRef = 451A09B225C5375100A019B9 /* AppDelegate.swift */; };
		451A09B525C5375100A019B9 /* SceneDelegate.swift in Sources */ = {isa = PBXBuildFile; fileRef = 451A09B425C5375100A019B9 /* SceneDelegate.swift */; };
		451A09B725C5375100A019B9 /* ViewController.swift in Sources */ = {isa = PBXBuildFile; fileRef = 451A09B625C5375100A019B9 /* ViewController.swift */; };
		451A09BA25C5375100A019B9 /* Main.storyboard in Resources */ = {isa = PBXBuildFile; fileRef = 451A09B825C5375100A019B9 /* Main.storyboard */; };
		451A09BC25C5375400A019B9 /* Assets.xcassets in Resources */ = {isa = PBXBuildFile; fileRef = 451A09BB25C5375400A019B9 /* Assets.xcassets */; };
		451A09BF25C5375400A019B9 /* LaunchScreen.storyboard in Resources */ = {isa = PBXBuildFile; fileRef = 451A09BD25C5375400A019B9 /* LaunchScreen.storyboard */; };
		451A09CA25C5375400A019B9 /* QnaChoiceTests.swift in Sources */ = {isa = PBXBuildFile; fileRef = 451A09C925C5375400A019B9 /* QnaChoiceTests.swift */; };
		451A09D525C5375400A019B9 /* QnaChoiceUITests.swift in Sources */ = {isa = PBXBuildFile; fileRef = 451A09D425C5375400A019B9 /* QnaChoiceUITests.swift */; };
		451A09E725C5392400A019B9 /* Qna.swift in Sources */ = {isa = PBXBuildFile; fileRef = 451A09E625C5392400A019B9 /* Qna.swift */; };
		451A09EC25C53C3B00A019B9 /* ResultViewController.swift in Sources */ = {isa = PBXBuildFile; fileRef = 451A09EB25C53C3B00A019B9 /* ResultViewController.swift */; };
		451A09FA25C6AE5E00A019B9 /* QnaScore.swift in Sources */ = {isa = PBXBuildFile; fileRef = 451A09F925C6AE5E00A019B9 /* QnaScore.swift */; };
/* End PBXBuildFile section */

/* Begin PBXContainerItemProxy section */
		451A09C625C5375400A019B9 /* PBXContainerItemProxy */ = {
			isa = PBXContainerItemProxy;
			containerPortal = 451A09A725C5375100A019B9 /* Project object */;
			proxyType = 1;
			remoteGlobalIDString = 451A09AE25C5375100A019B9;
			remoteInfo = QnaChoice;
		};
		451A09D125C5375400A019B9 /* PBXContainerItemProxy */ = {
			isa = PBXContainerItemProxy;
			containerPortal = 451A09A725C5375100A019B9 /* Project object */;
			proxyType = 1;
			remoteGlobalIDString = 451A09AE25C5375100A019B9;
			remoteInfo = QnaChoice;
		};
/* End PBXContainerItemProxy section */

/* Begin PBXFileReference section */
		451A09AF25C5375100A019B9 /* QnaChoice.app */ = {isa = PBXFileReference; explicitFileType = wrapper.application; includeInIndex = 0; path = QnaChoice.app; sourceTree = BUILT_PRODUCTS_DIR; };
		451A09B225C5375100A019B9 /* AppDelegate.swift */ = {isa = PBXFileReference; lastKnownFileType = sourcecode.swift; path = AppDelegate.swift; sourceTree = "<group>"; };
		451A09B425C5375100A019B9 /* SceneDelegate.swift */ = {isa = PBXFileReference; lastKnownFileType = sourcecode.swift; path = SceneDelegate.swift; sourceTree = "<group>"; };
		451A09B625C5375100A019B9 /* ViewController.swift */ = {isa = PBXFileReference; lastKnownFileType = sourcecode.swift; path = ViewController.swift; sourceTree = "<group>"; };
		451A09B925C5375100A019B9 /* Base */ = {isa = PBXFileReference; lastKnownFileType = file.storyboard; name = Base; path = Base.lproj/Main.storyboard; sourceTree = "<group>"; };
		451A09BB25C5375400A019B9 /* Assets.xcassets */ = {isa = PBXFileReference; lastKnownFileType = folder.assetcatalog; path = Assets.xcassets; sourceTree = "<group>"; };
		451A09BE25C5375400A019B9 /* Base */ = {isa = PBXFileReference; lastKnownFileType = file.storyboard; name = Base; path = Base.lproj/LaunchScreen.storyboard; sourceTree = "<group>"; };
		451A09C025C5375400A019B9 /* Info.plist */ = {isa = PBXFileReference; lastKnownFileType = text.plist.xml; path = Info.plist; sourceTree = "<group>"; };
		451A09C525C5375400A019B9 /* QnaChoiceTests.xctest */ = {isa = PBXFileReference; explicitFileType = wrapper.cfbundle; includeInIndex = 0; path = QnaChoiceTests.xctest; sourceTree = BUILT_PRODUCTS_DIR; };
		451A09C925C5375400A019B9 /* QnaChoiceTests.swift */ = {isa = PBXFileReference; lastKnownFileType = sourcecode.swift; path = QnaChoiceTests.swift; sourceTree = "<group>"; };
		451A09CB25C5375400A019B9 /* Info.plist */ = {isa = PBXFileReference; lastKnownFileType = text.plist.xml; path = Info.plist; sourceTree = "<group>"; };
		451A09D025C5375400A019B9 /* QnaChoiceUITests.xctest */ = {isa = PBXFileReference; explicitFileType = wrapper.cfbundle; includeInIndex = 0; path = QnaChoiceUITests.xctest; sourceTree = BUILT_PRODUCTS_DIR; };
		451A09D425C5375400A019B9 /* QnaChoiceUITests.swift */ = {isa = PBXFileReference; lastKnownFileType = sourcecode.swift; path = QnaChoiceUITests.swift; sourceTree = "<group>"; };
		451A09D625C5375400A019B9 /* Info.plist */ = {isa = PBXFileReference; lastKnownFileType = text.plist.xml; path = Info.plist; sourceTree = "<group>"; };
		451A09E625C5392400A019B9 /* Qna.swift */ = {isa = PBXFileReference; lastKnownFileType = sourcecode.swift; path = Qna.swift; sourceTree = "<group>"; };
		451A09EB25C53C3B00A019B9 /* ResultViewController.swift */ = {isa = PBXFileReference; lastKnownFileType = sourcecode.swift; path = ResultViewController.swift; sourceTree = "<group>"; };
		451A09F925C6AE5E00A019B9 /* QnaScore.swift */ = {isa = PBXFileReference; lastKnownFileType = sourcecode.swift; path = QnaScore.swift; sourceTree = "<group>"; };
/* End PBXFileReference section */

/* Begin PBXFrameworksBuildPhase section */
		451A09AC25C5375100A019B9 /* Frameworks */ = {
			isa = PBXFrameworksBuildPhase;
			buildActionMask = 2147483647;
			files = (
			);
			runOnlyForDeploymentPostprocessing = 0;
		};
		451A09C225C5375400A019B9 /* Frameworks */ = {
			isa = PBXFrameworksBuildPhase;
			buildActionMask = 2147483647;
			files = (
			);
			runOnlyForDeploymentPostprocessing = 0;
		};
		451A09CD25C5375400A019B9 /* Frameworks */ = {
			isa = PBXFrameworksBuildPhase;
			buildActionMask = 2147483647;
			files = (
			);
			runOnlyForDeploymentPostprocessing = 0;
		};
/* End PBXFrameworksBuildPhase section */

/* Begin PBXGroup section */
		451A09A625C5375100A019B9 = {
			isa = PBXGroup;
			children = (
				451A09B125C5375100A019B9 /* QnaChoice */,
				451A09C825C5375400A019B9 /* QnaChoiceTests */,
				451A09D325C5375400A019B9 /* QnaChoiceUITests */,
				451A09B025C5375100A019B9 /* Products */,
			);
			sourceTree = "<group>";
		};
		451A09B025C5375100A019B9 /* Products */ = {
			isa = PBXGroup;
			children = (
				451A09AF25C5375100A019B9 /* QnaChoice.app */,
				451A09C525C5375400A019B9 /* QnaChoiceTests.xctest */,
				451A09D025C5375400A019B9 /* QnaChoiceUITests.xctest */,
			);
			name = Products;
			sourceTree = "<group>";
		};
		451A09B125C5375100A019B9 /* QnaChoice */ = {
			isa = PBXGroup;
			children = (
				451A09B225C5375100A019B9 /* AppDelegate.swift */,
				451A09B425C5375100A019B9 /* SceneDelegate.swift */,
				451A09B625C5375100A019B9 /* ViewController.swift */,
				451A09B825C5375100A019B9 /* Main.storyboard */,
				451A09EB25C53C3B00A019B9 /* ResultViewController.swift */,
				451A09E625C5392400A019B9 /* Qna.swift */,
				451A09F925C6AE5E00A019B9 /* QnaScore.swift */,
				451A09BB25C5375400A019B9 /* Assets.xcassets */,
				451A09BD25C5375400A019B9 /* LaunchScreen.storyboard */,
				451A09C025C5375400A019B9 /* Info.plist */,
			);
			path = QnaChoice;
			sourceTree = "<group>";
		};
		451A09C825C5375400A019B9 /* QnaChoiceTests */ = {
			isa = PBXGroup;
			children = (
				451A09C925C5375400A019B9 /* QnaChoiceTests.swift */,
				451A09CB25C5375400A019B9 /* Info.plist */,
			);
			path = QnaChoiceTests;
			sourceTree = "<group>";
		};
		451A09D325C5375400A019B9 /* QnaChoiceUITests */ = {
			isa = PBXGroup;
			children = (
				451A09D425C5375400A019B9 /* QnaChoiceUITests.swift */,
				451A09D625C5375400A019B9 /* Info.plist */,
			);
			path = QnaChoiceUITests;
			sourceTree = "<group>";
		};
/* End PBXGroup section */

/* Begin PBXNativeTarget section */
		451A09AE25C5375100A019B9 /* QnaChoice */ = {
			isa = PBXNativeTarget;
			buildConfigurationList = 451A09D925C5375400A019B9 /* Build configuration list for PBXNativeTarget "QnaChoice" */;
			buildPhases = (
				451A09AB25C5375100A019B9 /* Sources */,
				451A09AC25C5375100A019B9 /* Frameworks */,
				451A09AD25C5375100A019B9 /* Resources */,
			);
			buildRules = (
			);
			dependencies = (
			);
			name = QnaChoice;
			productName = QnaChoice;
			productReference = 451A09AF25C5375100A019B9 /* QnaChoice.app */;
			productType = "com.apple.product-type.application";
		};
		451A09C425C5375400A019B9 /* QnaChoiceTests */ = {
			isa = PBXNativeTarget;
			buildConfigurationList = 451A09DC25C5375400A019B9 /* Build configuration list for PBXNativeTarget "QnaChoiceTests" */;
			buildPhases = (
				451A09C125C5375400A019B9 /* Sources */,
				451A09C225C5375400A019B9 /* Frameworks */,
				451A09C325C5375400A019B9 /* Resources */,
			);
			buildRules = (
			);
			dependencies = (
				451A09C725C5375400A019B9 /* PBXTargetDependency */,
			);
			name = QnaChoiceTests;
			productName = QnaChoiceTests;
			productReference = 451A09C525C5375400A019B9 /* QnaChoiceTests.xctest */;
			productType = "com.apple.product-type.bundle.unit-test";
		};
		451A09CF25C5375400A019B9 /* QnaChoiceUITests */ = {
			isa = PBXNativeTarget;
			buildConfigurationList = 451A09DF25C5375400A019B9 /* Build configuration list for PBXNativeTarget "QnaChoiceUITests" */;
			buildPhases = (
				451A09CC25C5375400A019B9 /* Sources */,
				451A09CD25C5375400A019B9 /* Frameworks */,
				451A09CE25C5375400A019B9 /* Resources */,
			);
			buildRules = (
			);
			dependencies = (
				451A09D225C5375400A019B9 /* PBXTargetDependency */,
			);
			name = QnaChoiceUITests;
			productName = QnaChoiceUITests;
			productReference = 451A09D025C5375400A019B9 /* QnaChoiceUITests.xctest */;
			productType = "com.apple.product-type.bundle.ui-testing";
		};
/* End PBXNativeTarget section */

/* Begin PBXProject section */
		451A09A725C5375100A019B9 /* Project object */ = {
			isa = PBXProject;
			attributes = {
				LastSwiftUpdateCheck = 1240;
				LastUpgradeCheck = 1240;
				TargetAttributes = {
					451A09AE25C5375100A019B9 = {
						CreatedOnToolsVersion = 12.4;
					};
					451A09C425C5375400A019B9 = {
						CreatedOnToolsVersion = 12.4;
						TestTargetID = 451A09AE25C5375100A019B9;
					};
					451A09CF25C5375400A019B9 = {
						CreatedOnToolsVersion = 12.4;
						TestTargetID = 451A09AE25C5375100A019B9;
					};
				};
			};
			buildConfigurationList = 451A09AA25C5375100A019B9 /* Build configuration list for PBXProject "QnaChoice" */;
			compatibilityVersion = "Xcode 9.3";
			developmentRegion = en;
			hasScannedForEncodings = 0;
			knownRegions = (
				en,
				Base,
			);
			mainGroup = 451A09A625C5375100A019B9;
			productRefGroup = 451A09B025C5375100A019B9 /* Products */;
			projectDirPath = "";
			projectRoot = "";
			targets = (
				451A09AE25C5375100A019B9 /* QnaChoice */,
				451A09C425C5375400A019B9 /* QnaChoiceTests */,
				451A09CF25C5375400A019B9 /* QnaChoiceUITests */,
			);
		};
/* End PBXProject section */

/* Begin PBXResourcesBuildPhase section */
		451A09AD25C5375100A019B9 /* Resources */ = {
			isa = PBXResourcesBuildPhase;
			buildActionMask = 2147483647;
			files = (
				451A09BF25C5375400A019B9 /* LaunchScreen.storyboard in Resources */,
				451A09BC25C5375400A019B9 /* Assets.xcassets in Resources */,
				451A09BA25C5375100A019B9 /* Main.storyboard in Resources */,
			);
			runOnlyForDeploymentPostprocessing = 0;
		};
		451A09C325C5375400A019B9 /* Resources */ = {
			isa = PBXResourcesBuildPhase;
			buildActionMask = 2147483647;
			files = (
			);
			runOnlyForDeploymentPostprocessing = 0;
		};
		451A09CE25C5375400A019B9 /* Resources */ = {
			isa = PBXResourcesBuildPhase;
			buildActionMask = 2147483647;
			files = (
			);
			runOnlyForDeploymentPostprocessing = 0;
		};
/* End PBXResourcesBuildPhase section */

/* Begin PBXSourcesBuildPhase section */
		451A09AB25C5375100A019B9 /* Sources */ = {
			isa = PBXSourcesBuildPhase;
			buildActionMask = 2147483647;
			files = (
				451A09EC25C53C3B00A019B9 /* ResultViewController.swift in Sources */,
				451A09E725C5392400A019B9 /* Qna.swift in Sources */,
				451A09B725C5375100A019B9 /* ViewController.swift in Sources */,
				451A09FA25C6AE5E00A019B9 /* QnaScore.swift in Sources */,
				451A09B325C5375100A019B9 /* AppDelegate.swift in Sources */,
				451A09B525C5375100A019B9 /* SceneDelegate.swift in Sources */,
			);
			runOnlyForDeploymentPostprocessing = 0;
		};
		451A09C125C5375400A019B9 /* Sources */ = {
			isa = PBXSourcesBuildPhase;
			buildActionMask = 2147483647;
			files = (
				451A09CA25C5375400A019B9 /* QnaChoiceTests.swift in Sources */,
			);
			runOnlyForDeploymentPostprocessing = 0;
		};
		451A09CC25C5375400A019B9 /* Sources */ = {
			isa = PBXSourcesBuildPhase;
			buildActionMask = 2147483647;
			files = (
				451A09D525C5375400A019B9 /* QnaChoiceUITests.swift in Sources */,
			);
			runOnlyForDeploymentPostprocessing = 0;
		};
/* End PBXSourcesBuildPhase section */

/* Begin PBXTargetDependency section */
		451A09C725C5375400A019B9 /* PBXTargetDependency */ = {
			isa = PBXTargetDependency;
			target = 451A09AE25C5375100A019B9 /* QnaChoice */;
			targetProxy = 451A09C625C5375400A019B9 /* PBXContainerItemProxy */;
		};
		451A09D225C5375400A019B9 /* PBXTargetDependency */ = {
			isa = PBXTargetDependency;
			target = 451A09AE25C5375100A019B9 /* QnaChoice */;
			targetProxy = 451A09D125C5375400A019B9 /* PBXContainerItemProxy */;
		};
/* End PBXTargetDependency section */

/* Begin PBXVariantGroup section */
		451A09B825C5375100A019B9 /* Main.storyboard */ = {
			isa = PBXVariantGroup;
			children = (
				451A09B925C5375100A019B9 /* Base */,
			);
			name = Main.storyboard;
			sourceTree = "<group>";
		};
		451A09BD25C5375400A019B9 /* LaunchScreen.storyboard */ = {
			isa = PBXVariantGroup;
			children = (
				451A09BE25C5375400A019B9 /* Base */,
			);
			name = LaunchScreen.storyboard;
			sourceTree = "<group>";
		};
/* End PBXVariantGroup section */

/* Begin XCBuildConfiguration section */
		451A09D725C5375400A019B9 /* Debug */ = {
			isa = XCBuildConfiguration;
			buildSettings = {
				ALWAYS_SEARCH_USER_PATHS = NO;
				CLANG_ANALYZER_NONNULL = YES;
				CLANG_ANALYZER_NUMBER_OBJECT_CONVERSION = YES_AGGRESSIVE;
				CLANG_CXX_LANGUAGE_STANDARD = "gnu++14";
				CLANG_CXX_LIBRARY = "libc++";
				CLANG_ENABLE_MODULES = YES;
				CLANG_ENABLE_OBJC_ARC = YES;
				CLANG_ENABLE_OBJC_WEAK = YES;
				CLANG_WARN_BLOCK_CAPTURE_AUTORELEASING = YES;
				CLANG_WARN_BOOL_CONVERSION = YES;
				CLANG_WARN_COMMA = YES;
				CLANG_WARN_CONSTANT_CONVERSION = YES;
				CLANG_WARN_DEPRECATED_OBJC_IMPLEMENTATIONS = YES;
				CLANG_WARN_DIRECT_OBJC_ISA_USAGE = YES_ERROR;
				CLANG_WARN_DOCUMENTATION_COMMENTS = YES;
				CLANG_WARN_EMPTY_BODY = YES;
				CLANG_WARN_ENUM_CONVERSION = YES;
				CLANG_WARN_INFINITE_RECURSION = YES;
				CLANG_WARN_INT_CONVERSION = YES;
				CLANG_WARN_NON_LITERAL_NULL_CONVERSION = YES;
				CLANG_WARN_OBJC_IMPLICIT_RETAIN_SELF = YES;
				CLANG_WARN_OBJC_LITERAL_CONVERSION = YES;
				CLANG_WARN_OBJC_ROOT_CLASS = YES_ERROR;
				CLANG_WARN_QUOTED_INCLUDE_IN_FRAMEWORK_HEADER = YES;
				CLANG_WARN_RANGE_LOOP_ANALYSIS = YES;
				CLANG_WARN_STRICT_PROTOTYPES = YES;
				CLANG_WARN_SUSPICIOUS_MOVE = YES;
				CLANG_WARN_UNGUARDED_AVAILABILITY = YES_AGGRESSIVE;
				CLANG_WARN_UNREACHABLE_CODE = YES;
				CLANG_WARN__DUPLICATE_METHOD_MATCH = YES;
				COPY_PHASE_STRIP = NO;
				DEBUG_INFORMATION_FORMAT = dwarf;
				ENABLE_STRICT_OBJC_MSGSEND = YES;
				ENABLE_TESTABILITY = YES;
				GCC_C_LANGUAGE_STANDARD = gnu11;
				GCC_DYNAMIC_NO_PIC = NO;
				GCC_NO_COMMON_BLOCKS = YES;
				GCC_OPTIMIZATION_LEVEL = 0;
				GCC_PREPROCESSOR_DEFINITIONS = (
					"DEBUG=1",
					"$(inherited)",
				);
				GCC_WARN_64_TO_32_BIT_CONVERSION = YES;
				GCC_WARN_ABOUT_RETURN_TYPE = YES_ERROR;
				GCC_WARN_UNDECLARED_SELECTOR = YES;
				GCC_WARN_UNINITIALIZED_AUTOS = YES_AGGRESSIVE;
				GCC_WARN_UNUSED_FUNCTION = YES;
				GCC_WARN_UNUSED_VARIABLE = YES;
				IPHONEOS_DEPLOYMENT_TARGET = 14.4;
				MTL_ENABLE_DEBUG_INFO = INCLUDE_SOURCE;
				MTL_FAST_MATH = YES;
				ONLY_ACTIVE_ARCH = YES;
				SDKROOT = iphoneos;
				SWIFT_ACTIVE_COMPILATION_CONDITIONS = DEBUG;
				SWIFT_OPTIMIZATION_LEVEL = "-Onone";
			};
			name = Debug;
		};
		451A09D825C5375400A019B9 /* Release */ = {
			isa = XCBuildConfiguration;
			buildSettings = {
				ALWAYS_SEARCH_USER_PATHS = NO;
				CLANG_ANALYZER_NONNULL = YES;
				CLANG_ANALYZER_NUMBER_OBJECT_CONVERSION = YES_AGGRESSIVE;
				CLANG_CXX_LANGUAGE_STANDARD = "gnu++14";
				CLANG_CXX_LIBRARY = "libc++";
				CLANG_ENABLE_MODULES = YES;
				CLANG_ENABLE_OBJC_ARC = YES;
				CLANG_ENABLE_OBJC_WEAK = YES;
				CLANG_WARN_BLOCK_CAPTURE_AUTORELEASING = YES;
				CLANG_WARN_BOOL_CONVERSION = YES;
				CLANG_WARN_COMMA = YES;
				CLANG_WARN_CONSTANT_CONVERSION = YES;
				CLANG_WARN_DEPRECATED_OBJC_IMPLEMENTATIONS = YES;
				CLANG_WARN_DIRECT_OBJC_ISA_USAGE = YES_ERROR;
				CLANG_WARN_DOCUMENTATION_COMMENTS = YES;
				CLANG_WARN_EMPTY_BODY = YES;
				CLANG_WARN_ENUM_CONVERSION = YES;
				CLANG_WARN_INFINITE_RECURSION = YES;
				CLANG_WARN_INT_CONVERSION = YES;
				CLANG_WARN_NON_LITERAL_NULL_CONVERSION = YES;
				CLANG_WARN_OBJC_IMPLICIT_RETAIN_SELF = YES;
				CLANG_WARN_OBJC_LITERAL_CONVERSION = YES;
				CLANG_WARN_OBJC_ROOT_CLASS = YES_ERROR;
				CLANG_WARN_QUOTED_INCLUDE_IN_FRAMEWORK_HEADER = YES;
				CLANG_WARN_RANGE_LOOP_ANALYSIS = YES;
				CLANG_WARN_STRICT_PROTOTYPES = YES;
				CLANG_WARN_SUSPICIOUS_MOVE = YES;
				CLANG_WARN_UNGUARDED_AVAILABILITY = YES_AGGRESSIVE;
				CLANG_WARN_UNREACHABLE_CODE = YES;
				CLANG_WARN__DUPLICATE_METHOD_MATCH = YES;
				COPY_PHASE_STRIP = NO;
				DEBUG_INFORMATION_FORMAT = "dwarf-with-dsym";
				ENABLE_NS_ASSERTIONS = NO;
				ENABLE_STRICT_OBJC_MSGSEND = YES;
				GCC_C_LANGUAGE_STANDARD = gnu11;
				GCC_NO_COMMON_BLOCKS = YES;
				GCC_WARN_64_TO_32_BIT_CONVERSION = YES;
				GCC_WARN_ABOUT_RETURN_TYPE = YES_ERROR;
				GCC_WARN_UNDECLARED_SELECTOR = YES;
				GCC_WARN_UNINITIALIZED_AUTOS = YES_AGGRESSIVE;
				GCC_WARN_UNUSED_FUNCTION = YES;
				GCC_WARN_UNUSED_VARIABLE = YES;
				IPHONEOS_DEPLOYMENT_TARGET = 14.4;
				MTL_ENABLE_DEBUG_INFO = NO;
				MTL_FAST_MATH = YES;
				SDKROOT = iphoneos;
				SWIFT_COMPILATION_MODE = wholemodule;
				SWIFT_OPTIMIZATION_LEVEL = "-O";
				VALIDATE_PRODUCT = YES;
			};
			name = Release;
		};
		451A09DA25C5375400A019B9 /* Debug */ = {
			isa = XCBuildConfiguration;
			buildSettings = {
				ASSETCATALOG_COMPILER_APPICON_NAME = AppIcon;
				ASSETCATALOG_COMPILER_GLOBAL_ACCENT_COLOR_NAME = AccentColor;
				CODE_SIGN_STYLE = Automatic;
				INFOPLIST_FILE = QnaChoice/Info.plist;
				LD_RUNPATH_SEARCH_PATHS = (
					"$(inherited)",
					"@executable_path/Frameworks",
				);
				PRODUCT_BUNDLE_IDENTIFIER = willy.QnaChoice;
				PRODUCT_NAME = "$(TARGET_NAME)";
				SWIFT_VERSION = 5.0;
				TARGETED_DEVICE_FAMILY = "1,2";
			};
			name = Debug;
		};
		451A09DB25C5375400A019B9 /* Release */ = {
			isa = XCBuildConfiguration;
			buildSettings = {
				ASSETCATALOG_COMPILER_APPICON_NAME = AppIcon;
				ASSETCATALOG_COMPILER_GLOBAL_ACCENT_COLOR_NAME = AccentColor;
				CODE_SIGN_STYLE = Automatic;
				INFOPLIST_FILE = QnaChoice/Info.plist;
				LD_RUNPATH_SEARCH_PATHS = (
					"$(inherited)",
					"@executable_path/Frameworks",
				);
				PRODUCT_BUNDLE_IDENTIFIER = willy.QnaChoice;
				PRODUCT_NAME = "$(TARGET_NAME)";
				SWIFT_VERSION = 5.0;
				TARGETED_DEVICE_FAMILY = "1,2";
			};
			name = Release;
		};
		451A09DD25C5375400A019B9 /* Debug */ = {
			isa = XCBuildConfiguration;
			buildSettings = {
				ALWAYS_EMBED_SWIFT_STANDARD_LIBRARIES = YES;
				BUNDLE_LOADER = "$(TEST_HOST)";
				CODE_SIGN_STYLE = Automatic;
				INFOPLIST_FILE = QnaChoiceTests/Info.plist;
				IPHONEOS_DEPLOYMENT_TARGET = 14.4;
				LD_RUNPATH_SEARCH_PATHS = (
					"$(inherited)",
					"@executable_path/Frameworks",
					"@loader_path/Frameworks",
				);
				PRODUCT_BUNDLE_IDENTIFIER = willy.QnaChoiceTests;
				PRODUCT_NAME = "$(TARGET_NAME)";
				SWIFT_VERSION = 5.0;
				TARGETED_DEVICE_FAMILY = "1,2";
				TEST_HOST = "$(BUILT_PRODUCTS_DIR)/QnaChoice.app/QnaChoice";
			};
			name = Debug;
		};
		451A09DE25C5375400A019B9 /* Release */ = {
			isa = XCBuildConfiguration;
			buildSettings = {
				ALWAYS_EMBED_SWIFT_STANDARD_LIBRARIES = YES;
				BUNDLE_LOADER = "$(TEST_HOST)";
				CODE_SIGN_STYLE = Automatic;
				INFOPLIST_FILE = QnaChoiceTests/Info.plist;
				IPHONEOS_DEPLOYMENT_TARGET = 14.4;
				LD_RUNPATH_SEARCH_PATHS = (
					"$(inherited)",
					"@executable_path/Frameworks",
					"@loader_path/Frameworks",
				);
				PRODUCT_BUNDLE_IDENTIFIER = willy.QnaChoiceTests;
				PRODUCT_NAME = "$(TARGET_NAME)";
				SWIFT_VERSION = 5.0;
				TARGETED_DEVICE_FAMILY = "1,2";
				TEST_HOST = "$(BUILT_PRODUCTS_DIR)/QnaChoice.app/QnaChoice";
			};
			name = Release;
		};
		451A09E025C5375400A019B9 /* Debug */ = {
			isa = XCBuildConfiguration;
			buildSettings = {
				ALWAYS_EMBED_SWIFT_STANDARD_LIBRARIES = YES;
				CODE_SIGN_STYLE = Automatic;
				INFOPLIST_FILE = QnaChoiceUITests/Info.plist;
				LD_RUNPATH_SEARCH_PATHS = (
					"$(inherited)",
					"@executable_path/Frameworks",
					"@loader_path/Frameworks",
				);
				PRODUCT_BUNDLE_IDENTIFIER = willy.QnaChoiceUITests;
				PRODUCT_NAME = "$(TARGET_NAME)";
				SWIFT_VERSION = 5.0;
				TARGETED_DEVICE_FAMILY = "1,2";
				TEST_TARGET_NAME = QnaChoice;
			};
			name = Debug;
		};
		451A09E125C5375400A019B9 /* Release */ = {
			isa = XCBuildConfiguration;
			buildSettings = {
				ALWAYS_EMBED_SWIFT_STANDARD_LIBRARIES = YES;
				CODE_SIGN_STYLE = Automatic;
				INFOPLIST_FILE = QnaChoiceUITests/Info.plist;
				LD_RUNPATH_SEARCH_PATHS = (
					"$(inherited)",
					"@executable_path/Frameworks",
					"@loader_path/Frameworks",
				);
				PRODUCT_BUNDLE_IDENTIFIER = willy.QnaChoiceUITests;
				PRODUCT_NAME = "$(TARGET_NAME)";
				SWIFT_VERSION = 5.0;
				TARGETED_DEVICE_FAMILY = "1,2";
				TEST_TARGET_NAME = QnaChoice;
			};
			name = Release;
		};
/* End XCBuildConfiguration section */

/* Begin XCConfigurationList section */
		451A09AA25C5375100A019B9 /* Build configuration list for PBXProject "QnaChoice" */ = {
			isa = XCConfigurationList;
			buildConfigurations = (
				451A09D725C5375400A019B9 /* Debug */,
				451A09D825C5375400A019B9 /* Release */,
			);
			defaultConfigurationIsVisible = 0;
			defaultConfigurationName = Release;
		};
		451A09D925C5375400A019B9 /* Build configuration list for PBXNativeTarget "QnaChoice" */ = {
			isa = XCConfigurationList;
			buildConfigurations = (
				451A09DA25C5375400A019B9 /* Debug */,
				451A09DB25C5375400A019B9 /* Release */,
			);
			defaultConfigurationIsVisible = 0;
			defaultConfigurationName = Release;
		};
		451A09DC25C5375400A019B9 /* Build configuration list for PBXNativeTarget "QnaChoiceTests" */ = {
			isa = XCConfigurationList;
			buildConfigurations = (
				451A09DD25C5375400A019B9 /* Debug */,
				451A09DE25C5375400A019B9 /* Release */,
			);
			defaultConfigurationIsVisible = 0;
			defaultConfigurationName = Release;
		};
		451A09DF25C5375400A019B9 /* Build configuration list for PBXNativeTarget "QnaChoiceUITests" */ = {
			isa = XCConfigurationList;
			buildConfigurations = (
				451A09E025C5375400A019B9 /* Debug */,
				451A09E125C5375400A019B9 /* Release */,
			);
			defaultConfigurationIsVisible = 0;
			defaultConfigurationName = Release;
		};
/* End XCConfigurationList section */
	};
	rootObject = 451A09A725C5375100A019B9 /* Project object */;
}
